
Microsoft Visual Studio Solution File, Format Version 12.00
# Visual Studio Version 17
VisualStudioVersion = 17.13.35931.197 d17.13
MinimumVisualStudioVersion = 10.0.40219.1
Project("{FAE04EC0-301F-11D3-BF4B-00C04F79EFBC}") = "PL", "PL.csproj", "{560A3D29-F3C3-4D73-9758-6981A234C316}"
EndProject
Project("{FAE04EC0-301F-11D3-BF4B-00C04F79EFBC}") = "BLL", "..\BLL\BLL.csproj", "{8A57552A-4C6D-4EFF-919C-E5E8D89339BE}"
EndProject
Project("{FAE04EC0-301F-11D3-BF4B-00C04F79EFBC}") = "DAL", "..\DAL\DAL.csproj", "{37E35990-F498-48AC-BF77-510247801976}"
EndProject
Global
	GlobalSection(SolutionConfigurationPlatforms) = preSolution
		Debug|Any CPU = Debug|Any CPU
		Release|Any CPU = Release|Any CPU
	EndGlobalSection
	GlobalSection(ProjectConfigurationPlatforms) = postSolution
		{560A3D29-F3C3-4D73-9758-6981A234C316}.Debug|Any CPU.ActiveCfg = Debug|Any CPU
		{560A3D29-F3C3-4D73-9758-6981A234C316}.Debug|Any CPU.Build.0 = Debug|Any CPU
		{560A3D29-F3C3-4D73-9758-6981A234C316}.Release|Any CPU.ActiveCfg = Release|Any CPU
		{560A3D29-F3C3-4D73-9758-6981A234C316}.Release|Any CPU.Build.0 = Release|Any CPU
		{8A57552A-4C6D-4EFF-919C-E5E8D89339BE}.Debug|Any CPU.ActiveCfg = Debug|Any CPU
		{8A57552A-4C6D-4EFF-919C-E5E8D89339BE}.Debug|Any CPU.Build.0 = Debug|Any CPU
		{8A57552A-4C6D-4EFF-919C-E5E8D89339BE}.Release|Any CPU.ActiveCfg = Release|Any CPU
		{8A57552A-4C6D-4EFF-919C-E5E8D89339BE}.Release|Any CPU.Build.0 = Release|Any CPU
		{37E35990-F498-48AC-BF77-510247801976}.Debug|Any CPU.ActiveCfg = Debug|Any CPU
		{37E35990-F498-48AC-BF77-510247801976}.Debug|Any CPU.Build.0 = Debug|Any CPU
		{37E35990-F498-48AC-BF77-510247801976}.Release|Any CPU.ActiveCfg = Release|Any CPU
		{37E35990-F498-48AC-BF77-510247801976}.Release|Any CPU.Build.0 = Release|Any CPU
	EndGlobalSection
	GlobalSection(SolutionProperties) = preSolution
		HideSolutionNode = FALSE
	EndGlobalSection
	GlobalSection(ExtensibilityGlobals) = postSolution
		SolutionGuid = {D5C84086-F87F-4859-A06B-EB0017382786}
	EndGlobalSection
EndGlobal
